
Microsoft Visual Studio Solution File, Format Version 12.00
# Visual Studio 15
Project("{FAE04EC0-301F-11D3-BF4B-00C04F79EFBC}") = "Assembly-CSharp", "Assembly-CSharp.csproj", "{90A1D1E6-F749-5137-1130-84B1F0586679}"
EndProject
Project("{FAE04EC0-301F-11D3-BF4B-00C04F79EFBC}") = "Unity.XR.Interaction.Toolkit.Samples.StarterAssets", "Unity.XR.Interaction.Toolkit.Samples.StarterAssets.csproj", "{8891F1C9-E8AD-0484-90A2-5B69A2754F4D}"
EndProject
Global
	GlobalSection(SolutionConfigurationPlatforms) = preSolution
		Debug|Any CPU = Debug|Any CPU
		Release|Any CPU = Release|Any CPU
	EndGlobalSection
	GlobalSection(ProjectConfigurationPlatforms) = postSolution
		{90A1D1E6-F749-5137-1130-84B1F0586679}.Debug|Any CPU.ActiveCfg = Debug|Any CPU
		{90A1D1E6-F749-5137-1130-84B1F0586679}.Debug|Any CPU.Build.0 = Debug|Any CPU
		{90A1D1E6-F749-5137-1130-84B1F0586679}.Release|Any CPU.ActiveCfg = Release|Any CPU
		{90A1D1E6-F749-5137-1130-84B1F0586679}.Release|Any CPU.Build.0 = Release|Any CPU
		{8891F1C9-E8AD-0484-90A2-5B69A2754F4D}.Debug|Any CPU.ActiveCfg = Debug|Any CPU
		{8891F1C9-E8AD-0484-90A2-5B69A2754F4D}.Debug|Any CPU.Build.0 = Debug|Any CPU
		{8891F1C9-E8AD-0484-90A2-5B69A2754F4D}.Release|Any CPU.ActiveCfg = Release|Any CPU
		{8891F1C9-E8AD-0484-90A2-5B69A2754F4D}.Release|Any CPU.Build.0 = Release|Any CPU
	EndGlobalSection
	GlobalSection(SolutionProperties) = preSolution
		HideSolutionNode = FALSE
	EndGlobalSection
EndGlobal
