
Microsoft Visual Studio Solution File, Format Version 12.00
# Visual Studio 15
Project("{FAE04EC0-301F-11D3-BF4B-00C04F79EFBC}") = "Unity.XR.Interaction.Toolkit", "Unity.XR.Interaction.Toolkit.csproj", "{BEE58CB4-D8AF-BE16-77C0-FACA8B6C1599}"
EndProject
Project("{FAE04EC0-301F-11D3-BF4B-00C04F79EFBC}") = "UnityEngine.TestRunner", "UnityEngine.TestRunner.csproj", "{A930D0BE-8555-8352-B460-0C8A2B48DCF9}"
EndProject
Project("{FAE04EC0-301F-11D3-BF4B-00C04F79EFBC}") = "Unity.VisualScripting.Flow", "Unity.VisualScripting.Flow.csproj", "{151125F6-2A96-F245-DFA1-2696A4B1A563}"
EndProject
Project("{FAE04EC0-301F-11D3-BF4B-00C04F79EFBC}") = "Unity.Services.Core.Telemetry", "Unity.Services.Core.Telemetry.csproj", "{2BA61B93-D99F-13F1-5BC0-80CDE9F9E010}"
EndProject
Project("{FAE04EC0-301F-11D3-BF4B-00C04F79EFBC}") = "Unity.InputSystem", "Unity.InputSystem.csproj", "{0BB79D04-4E93-3D2B-2287-7FF877621397}"
EndProject
Project("{FAE04EC0-301F-11D3-BF4B-00C04F79EFBC}") = "Unity.VisualScripting.State", "Unity.VisualScripting.State.csproj", "{3E7F8B60-4D3E-D40E-580D-40D8800DDF72}"
EndProject
Project("{FAE04EC0-301F-11D3-BF4B-00C04F79EFBC}") = "Unity.VisualScripting.Core", "Unity.VisualScripting.Core.csproj", "{6424E96B-F22D-84AA-7764-21C3A6CD259E}"
EndProject
Project("{FAE04EC0-301F-11D3-BF4B-00C04F79EFBC}") = "UnityEngine.XR.LegacyInputHelpers", "UnityEngine.XR.LegacyInputHelpers.csproj", "{B1AC3FEF-0D4F-15F0-CA41-D1E9D90E47AF}"
EndProject
Project("{FAE04EC0-301F-11D3-BF4B-00C04F79EFBC}") = "Unity.XR.Oculus", "Unity.XR.Oculus.csproj", "{B702F989-D791-E9A7-8C32-ECA3D5250421}"
EndProject
Project("{FAE04EC0-301F-11D3-BF4B-00C04F79EFBC}") = "Unity.Services.Core.Environments.Internal", "Unity.Services.Core.Environments.Internal.csproj", "{AC2250A7-7E7E-8A13-64BC-2200440976C9}"
EndProject
Project("{FAE04EC0-301F-11D3-BF4B-00C04F79EFBC}") = "Unity.TextMeshPro", "Unity.TextMeshPro.csproj", "{5E5E9B26-D66C-45C4-A71A-188BA01D7B13}"
EndProject
Project("{FAE04EC0-301F-11D3-BF4B-00C04F79EFBC}") = "Unity.Timeline", "Unity.Timeline.csproj", "{DBE5C8F5-E24C-108C-0BDE-D7E187B1C0EB}"
EndProject
Project("{FAE04EC0-301F-11D3-BF4B-00C04F79EFBC}") = "Unity.Services.Core", "Unity.Services.Core.csproj", "{85461D02-2534-D0D1-43F5-E302F627E3C1}"
EndProject
Project("{FAE04EC0-301F-11D3-BF4B-00C04F79EFBC}") = "Unity.XR.CoreUtils", "Unity.XR.CoreUtils.csproj", "{7F095C42-5356-2257-E0D2-BE7D84BE9A6A}"
EndProject
Project("{FAE04EC0-301F-11D3-BF4B-00C04F79EFBC}") = "Unity.XR.OpenXR", "Unity.XR.OpenXR.csproj", "{7F547FD3-C075-79DF-28A6-F95A3E489D23}"
EndProject
Project("{FAE04EC0-301F-11D3-BF4B-00C04F79EFBC}") = "Unity.Services.Core.Environments", "Unity.Services.Core.Environments.csproj", "{1840F281-43DB-0FD7-C696-2B5EA65197D8}"
EndProject
Project("{FAE04EC0-301F-11D3-BF4B-00C04F79EFBC}") = "Unity.Services.Core.Internal", "Unity.Services.Core.Internal.csproj", "{73075845-11C3-7C3A-332B-0EE532159F13}"
EndProject
Project("{FAE04EC0-301F-11D3-BF4B-00C04F79EFBC}") = "Unity.Services.Core.Analytics", "Unity.Services.Core.Analytics.csproj", "{A6311E53-82F4-2FD0-AAD6-AA9F60DFC7C0}"
EndProject
Project("{FAE04EC0-301F-11D3-BF4B-00C04F79EFBC}") = "Assembly-CSharp", "Assembly-CSharp.csproj", "{90A1D1E6-F749-5137-1130-84B1F0586679}"
EndProject
Project("{FAE04EC0-301F-11D3-BF4B-00C04F79EFBC}") = "Unity.Services.Core.Scheduler", "Unity.Services.Core.Scheduler.csproj", "{A22E8D52-FC51-623A-9AFD-7E1431A8FBF1}"
EndProject
Project("{FAE04EC0-301F-11D3-BF4B-00C04F79EFBC}") = "Unity.Services.Core.Registration", "Unity.Services.Core.Registration.csproj", "{7794CA25-3D87-40A8-02E3-A94D8C7A4A8D}"
EndProject
Project("{FAE04EC0-301F-11D3-BF4B-00C04F79EFBC}") = "Unity.Services.Core.Device", "Unity.Services.Core.Device.csproj", "{2F512AF7-DC7C-F46F-1799-B05F448C0453}"
EndProject
Project("{FAE04EC0-301F-11D3-BF4B-00C04F79EFBC}") = "Unity.XR.Management", "Unity.XR.Management.csproj", "{76564FC1-4618-4667-C25E-FF461DA20466}"
EndProject
Project("{FAE04EC0-301F-11D3-BF4B-00C04F79EFBC}") = "Unity.Services.Core.Threading", "Unity.Services.Core.Threading.csproj", "{4898E7EC-9F43-24E1-4EC1-B40DB8D812A2}"
EndProject
Project("{FAE04EC0-301F-11D3-BF4B-00C04F79EFBC}") = "Unity.XR.Interaction.Toolkit.Samples.StarterAssets", "Unity.XR.Interaction.Toolkit.Samples.StarterAssets.csproj", "{8891F1C9-E8AD-0484-90A2-5B69A2754F4D}"
EndProject
Project("{FAE04EC0-301F-11D3-BF4B-00C04F79EFBC}") = "Unity.Services.Core.Networking", "Unity.Services.Core.Networking.csproj", "{DB9CFD60-BC9C-F6B0-E753-0791C1A86F7A}"
EndProject
Project("{FAE04EC0-301F-11D3-BF4B-00C04F79EFBC}") = "Unity.XR.OpenXR.Features.RuntimeDebugger", "Unity.XR.OpenXR.Features.RuntimeDebugger.csproj", "{D6D67BBE-D000-6F77-0AD0-7F32EC865AD3}"
EndProject
Project("{FAE04EC0-301F-11D3-BF4B-00C04F79EFBC}") = "UnityEngine.SpatialTracking", "UnityEngine.SpatialTracking.csproj", "{E4B29A35-8EBD-65E0-36FE-58001784EFD0}"
EndProject
Project("{FAE04EC0-301F-11D3-BF4B-00C04F79EFBC}") = "Unity.Services.Core.Configuration", "Unity.Services.Core.Configuration.csproj", "{7E668650-3746-0892-9300-5AB069003E62}"
EndProject
Project("{FAE04EC0-301F-11D3-BF4B-00C04F79EFBC}") = "Unity.XR.OpenXR.Features.ConformanceAutomation", "Unity.XR.OpenXR.Features.ConformanceAutomation.csproj", "{2D37BF29-7251-12EF-947A-734E7AEFAE9E}"
EndProject
Project("{FAE04EC0-301F-11D3-BF4B-00C04F79EFBC}") = "Unity.XR.OpenXR.Features.MockRuntime", "Unity.XR.OpenXR.Features.MockRuntime.csproj", "{0C58808B-46B4-5DBB-9B80-82BC7321ADB4}"
EndProject
Project("{FAE04EC0-301F-11D3-BF4B-00C04F79EFBC}") = "Unity.Subsystem.Registration", "Unity.Subsystem.Registration.csproj", "{D29C6AC9-0FC1-92FA-3421-770A3C8C643A}"
EndProject
Project("{FAE04EC0-301F-11D3-BF4B-00C04F79EFBC}") = "Unity.XR.OpenXR.Features.OculusQuestSupport", "Unity.XR.OpenXR.Features.OculusQuestSupport.csproj", "{F3725682-E48C-B8EA-D9BD-938870313CEA}"
EndProject
Project("{FAE04EC0-301F-11D3-BF4B-00C04F79EFBC}") = "Unity.PlasticSCM.Editor", "Unity.PlasticSCM.Editor.csproj", "{BF1BE29F-2F71-353A-CCC5-51F19443F448}"
EndProject
Project("{FAE04EC0-301F-11D3-BF4B-00C04F79EFBC}") = "Unity.VisualScripting.Core.Editor", "Unity.VisualScripting.Core.Editor.csproj", "{C0FCCA4B-F541-DA44-6C4A-FF091AFCF50F}"
EndProject
Project("{FAE04EC0-301F-11D3-BF4B-00C04F79EFBC}") = "Unity.XR.OpenXR.Editor", "Unity.XR.OpenXR.Editor.csproj", "{D9950A88-6839-F95F-C84F-B1DDEAFD413F}"
EndProject
Project("{FAE04EC0-301F-11D3-BF4B-00C04F79EFBC}") = "Unity.VisualScripting.Flow.Editor", "Unity.VisualScripting.Flow.Editor.csproj", "{33651CE7-1152-BA5F-901B-9B437EE853CF}"
EndProject
Project("{FAE04EC0-301F-11D3-BF4B-00C04F79EFBC}") = "Unity.VisualStudio.Editor", "Unity.VisualStudio.Editor.csproj", "{2ADBC13F-F75A-C4BD-7BED-B21F9E2A02EC}"
EndProject
Project("{FAE04EC0-301F-11D3-BF4B-00C04F79EFBC}") = "Unity.Timeline.Editor", "Unity.Timeline.Editor.csproj", "{D94158E7-7514-BC21-D91C-E377C8F92EA8}"
EndProject
Project("{FAE04EC0-301F-11D3-BF4B-00C04F79EFBC}") = "Unity.VisualScripting.State.Editor", "Unity.VisualScripting.State.Editor.csproj", "{B3F1378F-8FEC-C3F3-B47E-5878B1240F73}"
EndProject
Project("{FAE04EC0-301F-11D3-BF4B-00C04F79EFBC}") = "Unity.XR.Interaction.Toolkit.Editor", "Unity.XR.Interaction.Toolkit.Editor.csproj", "{2D9EE06E-8D33-2162-B991-1E9F24B46C36}"
EndProject
Project("{FAE04EC0-301F-11D3-BF4B-00C04F79EFBC}") = "Unity.TextMeshPro.Editor", "Unity.TextMeshPro.Editor.csproj", "{933C0C74-2E12-31AD-67E2-0326C51EE5C3}"
EndProject
Project("{FAE04EC0-301F-11D3-BF4B-00C04F79EFBC}") = "Unity.VisualScripting.SettingsProvider.Editor", "Unity.VisualScripting.SettingsProvider.Editor.csproj", "{B2E8C925-121E-97DD-A339-8FEDAB7E659A}"
EndProject
Project("{FAE04EC0-301F-11D3-BF4B-00C04F79EFBC}") = "Unity.CollabProxy.Editor", "Unity.CollabProxy.Editor.csproj", "{0AA60F82-A048-D2B2-F083-9A866B929D4E}"
EndProject
Project("{FAE04EC0-301F-11D3-BF4B-00C04F79EFBC}") = "UnityEditor.TestRunner", "UnityEditor.TestRunner.csproj", "{E450A601-9C90-2CBD-5504-2F12072B39FC}"
EndProject
Project("{FAE04EC0-301F-11D3-BF4B-00C04F79EFBC}") = "Unity.Services.Core.Editor", "Unity.Services.Core.Editor.csproj", "{54C3EC7B-EA36-5280-8FAB-F48A77ACC9E9}"
EndProject
Project("{FAE04EC0-301F-11D3-BF4B-00C04F79EFBC}") = "Unity.TestTools.CodeCoverage.Editor", "Unity.TestTools.CodeCoverage.Editor.csproj", "{20ED2237-F1B1-9158-FEA8-F82AE243BCCC}"
EndProject
Project("{FAE04EC0-301F-11D3-BF4B-00C04F79EFBC}") = "Unity.Rider.Editor", "Unity.Rider.Editor.csproj", "{438693D4-B9E2-87CA-67DB-FBB9B5726675}"
EndProject
Project("{FAE04EC0-301F-11D3-BF4B-00C04F79EFBC}") = "Unity.XR.CoreUtils.Editor", "Unity.XR.CoreUtils.Editor.csproj", "{F0F4739B-6ABB-ACB8-F448-44D9382BE232}"
EndProject
Project("{FAE04EC0-301F-11D3-BF4B-00C04F79EFBC}") = "Unity.Performance.Profile-Analyzer.Editor", "Unity.Performance.Profile-Analyzer.Editor.csproj", "{B43C0003-AE21-C9FA-EC70-1668F34231AA}"
EndProject
Project("{FAE04EC0-301F-11D3-BF4B-00C04F79EFBC}") = "Unity.XR.Management.Editor", "Unity.XR.Management.Editor.csproj", "{0641AAA8-22CD-099A-3155-D7E089C876D4}"
EndProject
Project("{FAE04EC0-301F-11D3-BF4B-00C04F79EFBC}") = "Unity.VSCode.Editor", "Unity.VSCode.Editor.csproj", "{246193BB-1768-B4BC-DF1D-97A238D12D94}"
EndProject
Project("{FAE04EC0-301F-11D3-BF4B-00C04F79EFBC}") = "Unity.TestTools.CodeCoverage.Editor.OpenCover.Model", "Unity.TestTools.CodeCoverage.Editor.OpenCover.Model.csproj", "{10086EBD-3B1D-E5EB-6A94-82160FF7E22A}"
EndProject
Project("{FAE04EC0-301F-11D3-BF4B-00C04F79EFBC}") = "Unity.EditorCoroutines.Editor", "Unity.EditorCoroutines.Editor.csproj", "{68C0CF28-74B9-FF99-D06F-88272F71FA1E}"
EndProject
Project("{FAE04EC0-301F-11D3-BF4B-00C04F79EFBC}") = "Unity.Settings.Editor", "Unity.Settings.Editor.csproj", "{542C237B-645F-E972-1817-AA2F379FBDF4}"
EndProject
Project("{FAE04EC0-301F-11D3-BF4B-00C04F79EFBC}") = "UnityEditor.SpatialTracking", "UnityEditor.SpatialTracking.csproj", "{D6F4C31D-A75B-BA84-D369-9DA6AAE9AE63}"
EndProject
Project("{FAE04EC0-301F-11D3-BF4B-00C04F79EFBC}") = "Unity.Services.Core.Configuration.Editor", "Unity.Services.Core.Configuration.Editor.csproj", "{1155C212-B1EE-A16F-D207-D2881EC9D3F2}"
EndProject
Project("{FAE04EC0-301F-11D3-BF4B-00C04F79EFBC}") = "UnityEditor.XR.LegacyInputHelpers", "UnityEditor.XR.LegacyInputHelpers.csproj", "{F5016394-C1EB-655F-A58C-94B3A4572E45}"
EndProject
Project("{FAE04EC0-301F-11D3-BF4B-00C04F79EFBC}") = "Unity.XR.Oculus.Editor", "Unity.XR.Oculus.Editor.csproj", "{7B125BA5-BABE-6C87-2401-E58971E4D498}"
EndProject
Project("{FAE04EC0-301F-11D3-BF4B-00C04F79EFBC}") = "Unity.XR.OpenXR.Features.RuntimeDebugger.Editor", "Unity.XR.OpenXR.Features.RuntimeDebugger.Editor.csproj", "{2801CD74-BAEA-8861-E21E-80AF1621EF5D}"
EndProject
Project("{FAE04EC0-301F-11D3-BF4B-00C04F79EFBC}") = "Unity.TestTools.CodeCoverage.Editor.OpenCover.Mono.Reflection", "Unity.TestTools.CodeCoverage.Editor.OpenCover.Mono.Reflection.csproj", "{2339D513-837E-9B45-40DD-9D320FFB82AB}"
EndProject
Project("{FAE04EC0-301F-11D3-BF4B-00C04F79EFBC}") = "Unity.VisualScripting.Shared.Editor", "Unity.VisualScripting.Shared.Editor.csproj", "{CF1B8298-920F-D4FB-A279-F0EBCF0297FE}"
EndProject
Project("{FAE04EC0-301F-11D3-BF4B-00C04F79EFBC}") = "Unity.XR.OpenXR.Features.OculusQuestSupport.Editor", "Unity.XR.OpenXR.Features.OculusQuestSupport.Editor.csproj", "{64BC4242-DC5F-5ED7-0955-697FA774ADB6}"
EndProject
Global
	GlobalSection(SolutionConfigurationPlatforms) = preSolution
		Debug|Any CPU = Debug|Any CPU
		Release|Any CPU = Release|Any CPU
	EndGlobalSection
	GlobalSection(ProjectConfigurationPlatforms) = postSolution
		{BEE58CB4-D8AF-BE16-77C0-FACA8B6C1599}.Debug|Any CPU.ActiveCfg = Debug|Any CPU
		{BEE58CB4-D8AF-BE16-77C0-FACA8B6C1599}.Debug|Any CPU.Build.0 = Debug|Any CPU
		{BEE58CB4-D8AF-BE16-77C0-FACA8B6C1599}.Release|Any CPU.ActiveCfg = Release|Any CPU
		{BEE58CB4-D8AF-BE16-77C0-FACA8B6C1599}.Release|Any CPU.Build.0 = Release|Any CPU
		{A930D0BE-8555-8352-B460-0C8A2B48DCF9}.Debug|Any CPU.ActiveCfg = Debug|Any CPU
		{A930D0BE-8555-8352-B460-0C8A2B48DCF9}.Debug|Any CPU.Build.0 = Debug|Any CPU
		{A930D0BE-8555-8352-B460-0C8A2B48DCF9}.Release|Any CPU.ActiveCfg = Release|Any CPU
		{A930D0BE-8555-8352-B460-0C8A2B48DCF9}.Release|Any CPU.Build.0 = Release|Any CPU
		{151125F6-2A96-F245-DFA1-2696A4B1A563}.Debug|Any CPU.ActiveCfg = Debug|Any CPU
		{151125F6-2A96-F245-DFA1-2696A4B1A563}.Debug|Any CPU.Build.0 = Debug|Any CPU
		{151125F6-2A96-F245-DFA1-2696A4B1A563}.Release|Any CPU.ActiveCfg = Release|Any CPU
		{151125F6-2A96-F245-DFA1-2696A4B1A563}.Release|Any CPU.Build.0 = Release|Any CPU
		{2BA61B93-D99F-13F1-5BC0-80CDE9F9E010}.Debug|Any CPU.ActiveCfg = Debug|Any CPU
		{2BA61B93-D99F-13F1-5BC0-80CDE9F9E010}.Debug|Any CPU.Build.0 = Debug|Any CPU
		{2BA61B93-D99F-13F1-5BC0-80CDE9F9E010}.Release|Any CPU.ActiveCfg = Release|Any CPU
		{2BA61B93-D99F-13F1-5BC0-80CDE9F9E010}.Release|Any CPU.Build.0 = Release|Any CPU
		{0BB79D04-4E93-3D2B-2287-7FF877621397}.Debug|Any CPU.ActiveCfg = Debug|Any CPU
		{0BB79D04-4E93-3D2B-2287-7FF877621397}.Debug|Any CPU.Build.0 = Debug|Any CPU
		{0BB79D04-4E93-3D2B-2287-7FF877621397}.Release|Any CPU.ActiveCfg = Release|Any CPU
		{0BB79D04-4E93-3D2B-2287-7FF877621397}.Release|Any CPU.Build.0 = Release|Any CPU
		{3E7F8B60-4D3E-D40E-580D-40D8800DDF72}.Debug|Any CPU.ActiveCfg = Debug|Any CPU
		{3E7F8B60-4D3E-D40E-580D-40D8800DDF72}.Debug|Any CPU.Build.0 = Debug|Any CPU
		{3E7F8B60-4D3E-D40E-580D-40D8800DDF72}.Release|Any CPU.ActiveCfg = Release|Any CPU
		{3E7F8B60-4D3E-D40E-580D-40D8800DDF72}.Release|Any CPU.Build.0 = Release|Any CPU
		{6424E96B-F22D-84AA-7764-21C3A6CD259E}.Debug|Any CPU.ActiveCfg = Debug|Any CPU
		{6424E96B-F22D-84AA-7764-21C3A6CD259E}.Debug|Any CPU.Build.0 = Debug|Any CPU
		{6424E96B-F22D-84AA-7764-21C3A6CD259E}.Release|Any CPU.ActiveCfg = Release|Any CPU
		{6424E96B-F22D-84AA-7764-21C3A6CD259E}.Release|Any CPU.Build.0 = Release|Any CPU
		{B1AC3FEF-0D4F-15F0-CA41-D1E9D90E47AF}.Debug|Any CPU.ActiveCfg = Debug|Any CPU
		{B1AC3FEF-0D4F-15F0-CA41-D1E9D90E47AF}.Debug|Any CPU.Build.0 = Debug|Any CPU
		{B1AC3FEF-0D4F-15F0-CA41-D1E9D90E47AF}.Release|Any CPU.ActiveCfg = Release|Any CPU
		{B1AC3FEF-0D4F-15F0-CA41-D1E9D90E47AF}.Release|Any CPU.Build.0 = Release|Any CPU
		{B702F989-D791-E9A7-8C32-ECA3D5250421}.Debug|Any CPU.ActiveCfg = Debug|Any CPU
		{B702F989-D791-E9A7-8C32-ECA3D5250421}.Debug|Any CPU.Build.0 = Debug|Any CPU
		{B702F989-D791-E9A7-8C32-ECA3D5250421}.Release|Any CPU.ActiveCfg = Release|Any CPU
		{B702F989-D791-E9A7-8C32-ECA3D5250421}.Release|Any CPU.Build.0 = Release|Any CPU
		{AC2250A7-7E7E-8A13-64BC-2200440976C9}.Debug|Any CPU.ActiveCfg = Debug|Any CPU
		{AC2250A7-7E7E-8A13-64BC-2200440976C9}.Debug|Any CPU.Build.0 = Debug|Any CPU
		{AC2250A7-7E7E-8A13-64BC-2200440976C9}.Release|Any CPU.ActiveCfg = Release|Any CPU
		{AC2250A7-7E7E-8A13-64BC-2200440976C9}.Release|Any CPU.Build.0 = Release|Any CPU
		{5E5E9B26-D66C-45C4-A71A-188BA01D7B13}.Debug|Any CPU.ActiveCfg = Debug|Any CPU
		{5E5E9B26-D66C-45C4-A71A-188BA01D7B13}.Debug|Any CPU.Build.0 = Debug|Any CPU
		{5E5E9B26-D66C-45C4-A71A-188BA01D7B13}.Release|Any CPU.ActiveCfg = Release|Any CPU
		{5E5E9B26-D66C-45C4-A71A-188BA01D7B13}.Release|Any CPU.Build.0 = Release|Any CPU
		{DBE5C8F5-E24C-108C-0BDE-D7E187B1C0EB}.Debug|Any CPU.ActiveCfg = Debug|Any CPU
		{DBE5C8F5-E24C-108C-0BDE-D7E187B1C0EB}.Debug|Any CPU.Build.0 = Debug|Any CPU
		{DBE5C8F5-E24C-108C-0BDE-D7E187B1C0EB}.Release|Any CPU.ActiveCfg = Release|Any CPU
		{DBE5C8F5-E24C-108C-0BDE-D7E187B1C0EB}.Release|Any CPU.Build.0 = Release|Any CPU
		{85461D02-2534-D0D1-43F5-E302F627E3C1}.Debug|Any CPU.ActiveCfg = Debug|Any CPU
		{85461D02-2534-D0D1-43F5-E302F627E3C1}.Debug|Any CPU.Build.0 = Debug|Any CPU
		{85461D02-2534-D0D1-43F5-E302F627E3C1}.Release|Any CPU.ActiveCfg = Release|Any CPU
		{85461D02-2534-D0D1-43F5-E302F627E3C1}.Release|Any CPU.Build.0 = Release|Any CPU
		{7F095C42-5356-2257-E0D2-BE7D84BE9A6A}.Debug|Any CPU.ActiveCfg = Debug|Any CPU
		{7F095C42-5356-2257-E0D2-BE7D84BE9A6A}.Debug|Any CPU.Build.0 = Debug|Any CPU
		{7F095C42-5356-2257-E0D2-BE7D84BE9A6A}.Release|Any CPU.ActiveCfg = Release|Any CPU
		{7F095C42-5356-2257-E0D2-BE7D84BE9A6A}.Release|Any CPU.Build.0 = Release|Any CPU
		{7F547FD3-C075-79DF-28A6-F95A3E489D23}.Debug|Any CPU.ActiveCfg = Debug|Any CPU
		{7F547FD3-C075-79DF-28A6-F95A3E489D23}.Debug|Any CPU.Build.0 = Debug|Any CPU
		{7F547FD3-C075-79DF-28A6-F95A3E489D23}.Release|Any CPU.ActiveCfg = Release|Any CPU
		{7F547FD3-C075-79DF-28A6-F95A3E489D23}.Release|Any CPU.Build.0 = Release|Any CPU
		{1840F281-43DB-0FD7-C696-2B5EA65197D8}.Debug|Any CPU.ActiveCfg = Debug|Any CPU
		{1840F281-43DB-0FD7-C696-2B5EA65197D8}.Debug|Any CPU.Build.0 = Debug|Any CPU
		{1840F281-43DB-0FD7-C696-2B5EA65197D8}.Release|Any CPU.ActiveCfg = Release|Any CPU
		{1840F281-43DB-0FD7-C696-2B5EA65197D8}.Release|Any CPU.Build.0 = Release|Any CPU
		{73075845-11C3-7C3A-332B-0EE532159F13}.Debug|Any CPU.ActiveCfg = Debug|Any CPU
		{73075845-11C3-7C3A-332B-0EE532159F13}.Debug|Any CPU.Build.0 = Debug|Any CPU
		{73075845-11C3-7C3A-332B-0EE532159F13}.Release|Any CPU.ActiveCfg = Release|Any CPU
		{73075845-11C3-7C3A-332B-0EE532159F13}.Release|Any CPU.Build.0 = Release|Any CPU
		{A6311E53-82F4-2FD0-AAD6-AA9F60DFC7C0}.Debug|Any CPU.ActiveCfg = Debug|Any CPU
		{A6311E53-82F4-2FD0-AAD6-AA9F60DFC7C0}.Debug|Any CPU.Build.0 = Debug|Any CPU
		{A6311E53-82F4-2FD0-AAD6-AA9F60DFC7C0}.Release|Any CPU.ActiveCfg = Release|Any CPU
		{A6311E53-82F4-2FD0-AAD6-AA9F60DFC7C0}.Release|Any CPU.Build.0 = Release|Any CPU
		{90A1D1E6-F749-5137-1130-84B1F0586679}.Debug|Any CPU.ActiveCfg = Debug|Any CPU
		{90A1D1E6-F749-5137-1130-84B1F0586679}.Debug|Any CPU.Build.0 = Debug|Any CPU
		{90A1D1E6-F749-5137-1130-84B1F0586679}.Release|Any CPU.ActiveCfg = Release|Any CPU
		{90A1D1E6-F749-5137-1130-84B1F0586679}.Release|Any CPU.Build.0 = Release|Any CPU
		{A22E8D52-FC51-623A-9AFD-7E1431A8FBF1}.Debug|Any CPU.ActiveCfg = Debug|Any CPU
		{A22E8D52-FC51-623A-9AFD-7E1431A8FBF1}.Debug|Any CPU.Build.0 = Debug|Any CPU
		{A22E8D52-FC51-623A-9AFD-7E1431A8FBF1}.Release|Any CPU.ActiveCfg = Release|Any CPU
		{A22E8D52-FC51-623A-9AFD-7E1431A8FBF1}.Release|Any CPU.Build.0 = Release|Any CPU
		{7794CA25-3D87-40A8-02E3-A94D8C7A4A8D}.Debug|Any CPU.ActiveCfg = Debug|Any CPU
		{7794CA25-3D87-40A8-02E3-A94D8C7A4A8D}.Debug|Any CPU.Build.0 = Debug|Any CPU
		{7794CA25-3D87-40A8-02E3-A94D8C7A4A8D}.Release|Any CPU.ActiveCfg = Release|Any CPU
		{7794CA25-3D87-40A8-02E3-A94D8C7A4A8D}.Release|Any CPU.Build.0 = Release|Any CPU
		{2F512AF7-DC7C-F46F-1799-B05F448C0453}.Debug|Any CPU.ActiveCfg = Debug|Any CPU
		{2F512AF7-DC7C-F46F-1799-B05F448C0453}.Debug|Any CPU.Build.0 = Debug|Any CPU
		{2F512AF7-DC7C-F46F-1799-B05F448C0453}.Release|Any CPU.ActiveCfg = Release|Any CPU
		{2F512AF7-DC7C-F46F-1799-B05F448C0453}.Release|Any CPU.Build.0 = Release|Any CPU
		{76564FC1-4618-4667-C25E-FF461DA20466}.Debug|Any CPU.ActiveCfg = Debug|Any CPU
		{76564FC1-4618-4667-C25E-FF461DA20466}.Debug|Any CPU.Build.0 = Debug|Any CPU
		{76564FC1-4618-4667-C25E-FF461DA20466}.Release|Any CPU.ActiveCfg = Release|Any CPU
		{76564FC1-4618-4667-C25E-FF461DA20466}.Release|Any CPU.Build.0 = Release|Any CPU
		{4898E7EC-9F43-24E1-4EC1-B40DB8D812A2}.Debug|Any CPU.ActiveCfg = Debug|Any CPU
		{4898E7EC-9F43-24E1-4EC1-B40DB8D812A2}.Debug|Any CPU.Build.0 = Debug|Any CPU
		{4898E7EC-9F43-24E1-4EC1-B40DB8D812A2}.Release|Any CPU.ActiveCfg = Release|Any CPU
		{4898E7EC-9F43-24E1-4EC1-B40DB8D812A2}.Release|Any CPU.Build.0 = Release|Any CPU
		{8891F1C9-E8AD-0484-90A2-5B69A2754F4D}.Debug|Any CPU.ActiveCfg = Debug|Any CPU
		{8891F1C9-E8AD-0484-90A2-5B69A2754F4D}.Debug|Any CPU.Build.0 = Debug|Any CPU
		{8891F1C9-E8AD-0484-90A2-5B69A2754F4D}.Release|Any CPU.ActiveCfg = Release|Any CPU
		{8891F1C9-E8AD-0484-90A2-5B69A2754F4D}.Release|Any CPU.Build.0 = Release|Any CPU
		{DB9CFD60-BC9C-F6B0-E753-0791C1A86F7A}.Debug|Any CPU.ActiveCfg = Debug|Any CPU
		{DB9CFD60-BC9C-F6B0-E753-0791C1A86F7A}.Debug|Any CPU.Build.0 = Debug|Any CPU
		{DB9CFD60-BC9C-F6B0-E753-0791C1A86F7A}.Release|Any CPU.ActiveCfg = Release|Any CPU
		{DB9CFD60-BC9C-F6B0-E753-0791C1A86F7A}.Release|Any CPU.Build.0 = Release|Any CPU
		{D6D67BBE-D000-6F77-0AD0-7F32EC865AD3}.Debug|Any CPU.ActiveCfg = Debug|Any CPU
		{D6D67BBE-D000-6F77-0AD0-7F32EC865AD3}.Debug|Any CPU.Build.0 = Debug|Any CPU
		{D6D67BBE-D000-6F77-0AD0-7F32EC865AD3}.Release|Any CPU.ActiveCfg = Release|Any CPU
		{D6D67BBE-D000-6F77-0AD0-7F32EC865AD3}.Release|Any CPU.Build.0 = Release|Any CPU
		{E4B29A35-8EBD-65E0-36FE-58001784EFD0}.Debug|Any CPU.ActiveCfg = Debug|Any CPU
		{E4B29A35-8EBD-65E0-36FE-58001784EFD0}.Debug|Any CPU.Build.0 = Debug|Any CPU
		{E4B29A35-8EBD-65E0-36FE-58001784EFD0}.Release|Any CPU.ActiveCfg = Release|Any CPU
		{E4B29A35-8EBD-65E0-36FE-58001784EFD0}.Release|Any CPU.Build.0 = Release|Any CPU
		{7E668650-3746-0892-9300-5AB069003E62}.Debug|Any CPU.ActiveCfg = Debug|Any CPU
		{7E668650-3746-0892-9300-5AB069003E62}.Debug|Any CPU.Build.0 = Debug|Any CPU
		{7E668650-3746-0892-9300-5AB069003E62}.Release|Any CPU.ActiveCfg = Release|Any CPU
		{7E668650-3746-0892-9300-5AB069003E62}.Release|Any CPU.Build.0 = Release|Any CPU
		{2D37BF29-7251-12EF-947A-734E7AEFAE9E}.Debug|Any CPU.ActiveCfg = Debug|Any CPU
		{2D37BF29-7251-12EF-947A-734E7AEFAE9E}.Debug|Any CPU.Build.0 = Debug|Any CPU
		{2D37BF29-7251-12EF-947A-734E7AEFAE9E}.Release|Any CPU.ActiveCfg = Release|Any CPU
		{2D37BF29-7251-12EF-947A-734E7AEFAE9E}.Release|Any CPU.Build.0 = Release|Any CPU
		{0C58808B-46B4-5DBB-9B80-82BC7321ADB4}.Debug|Any CPU.ActiveCfg = Debug|Any CPU
		{0C58808B-46B4-5DBB-9B80-82BC7321ADB4}.Debug|Any CPU.Build.0 = Debug|Any CPU
		{0C58808B-46B4-5DBB-9B80-82BC7321ADB4}.Release|Any CPU.ActiveCfg = Release|Any CPU
		{0C58808B-46B4-5DBB-9B80-82BC7321ADB4}.Release|Any CPU.Build.0 = Release|Any CPU
		{D29C6AC9-0FC1-92FA-3421-770A3C8C643A}.Debug|Any CPU.ActiveCfg = Debug|Any CPU
		{D29C6AC9-0FC1-92FA-3421-770A3C8C643A}.Debug|Any CPU.Build.0 = Debug|Any CPU
		{D29C6AC9-0FC1-92FA-3421-770A3C8C643A}.Release|Any CPU.ActiveCfg = Release|Any CPU
		{D29C6AC9-0FC1-92FA-3421-770A3C8C643A}.Release|Any CPU.Build.0 = Release|Any CPU
		{F3725682-E48C-B8EA-D9BD-938870313CEA}.Debug|Any CPU.ActiveCfg = Debug|Any CPU
		{F3725682-E48C-B8EA-D9BD-938870313CEA}.Debug|Any CPU.Build.0 = Debug|Any CPU
		{F3725682-E48C-B8EA-D9BD-938870313CEA}.Release|Any CPU.ActiveCfg = Release|Any CPU
		{F3725682-E48C-B8EA-D9BD-938870313CEA}.Release|Any CPU.Build.0 = Release|Any CPU
		{BF1BE29F-2F71-353A-CCC5-51F19443F448}.Debug|Any CPU.ActiveCfg = Debug|Any CPU
		{BF1BE29F-2F71-353A-CCC5-51F19443F448}.Debug|Any CPU.Build.0 = Debug|Any CPU
		{BF1BE29F-2F71-353A-CCC5-51F19443F448}.Release|Any CPU.ActiveCfg = Release|Any CPU
		{BF1BE29F-2F71-353A-CCC5-51F19443F448}.Release|Any CPU.Build.0 = Release|Any CPU
		{C0FCCA4B-F541-DA44-6C4A-FF091AFCF50F}.Debug|Any CPU.ActiveCfg = Debug|Any CPU
		{C0FCCA4B-F541-DA44-6C4A-FF091AFCF50F}.Debug|Any CPU.Build.0 = Debug|Any CPU
		{C0FCCA4B-F541-DA44-6C4A-FF091AFCF50F}.Release|Any CPU.ActiveCfg = Release|Any CPU
		{C0FCCA4B-F541-DA44-6C4A-FF091AFCF50F}.Release|Any CPU.Build.0 = Release|Any CPU
		{D9950A88-6839-F95F-C84F-B1DDEAFD413F}.Debug|Any CPU.ActiveCfg = Debug|Any CPU
		{D9950A88-6839-F95F-C84F-B1DDEAFD413F}.Debug|Any CPU.Build.0 = Debug|Any CPU
		{D9950A88-6839-F95F-C84F-B1DDEAFD413F}.Release|Any CPU.ActiveCfg = Release|Any CPU
		{D9950A88-6839-F95F-C84F-B1DDEAFD413F}.Release|Any CPU.Build.0 = Release|Any CPU
		{33651CE7-1152-BA5F-901B-9B437EE853CF}.Debug|Any CPU.ActiveCfg = Debug|Any CPU
		{33651CE7-1152-BA5F-901B-9B437EE853CF}.Debug|Any CPU.Build.0 = Debug|Any CPU
		{33651CE7-1152-BA5F-901B-9B437EE853CF}.Release|Any CPU.ActiveCfg = Release|Any CPU
		{33651CE7-1152-BA5F-901B-9B437EE853CF}.Release|Any CPU.Build.0 = Release|Any CPU
		{2ADBC13F-F75A-C4BD-7BED-B21F9E2A02EC}.Debug|Any CPU.ActiveCfg = Debug|Any CPU
		{2ADBC13F-F75A-C4BD-7BED-B21F9E2A02EC}.Debug|Any CPU.Build.0 = Debug|Any CPU
		{2ADBC13F-F75A-C4BD-7BED-B21F9E2A02EC}.Release|Any CPU.ActiveCfg = Release|Any CPU
		{2ADBC13F-F75A-C4BD-7BED-B21F9E2A02EC}.Release|Any CPU.Build.0 = Release|Any CPU
		{D94158E7-7514-BC21-D91C-E377C8F92EA8}.Debug|Any CPU.ActiveCfg = Debug|Any CPU
		{D94158E7-7514-BC21-D91C-E377C8F92EA8}.Debug|Any CPU.Build.0 = Debug|Any CPU
		{D94158E7-7514-BC21-D91C-E377C8F92EA8}.Release|Any CPU.ActiveCfg = Release|Any CPU
		{D94158E7-7514-BC21-D91C-E377C8F92EA8}.Release|Any CPU.Build.0 = Release|Any CPU
		{B3F1378F-8FEC-C3F3-B47E-5878B1240F73}.Debug|Any CPU.ActiveCfg = Debug|Any CPU
		{B3F1378F-8FEC-C3F3-B47E-5878B1240F73}.Debug|Any CPU.Build.0 = Debug|Any CPU
		{B3F1378F-8FEC-C3F3-B47E-5878B1240F73}.Release|Any CPU.ActiveCfg = Release|Any CPU
		{B3F1378F-8FEC-C3F3-B47E-5878B1240F73}.Release|Any CPU.Build.0 = Release|Any CPU
		{2D9EE06E-8D33-2162-B991-1E9F24B46C36}.Debug|Any CPU.ActiveCfg = Debug|Any CPU
		{2D9EE06E-8D33-2162-B991-1E9F24B46C36}.Debug|Any CPU.Build.0 = Debug|Any CPU
		{2D9EE06E-8D33-2162-B991-1E9F24B46C36}.Release|Any CPU.ActiveCfg = Release|Any CPU
		{2D9EE06E-8D33-2162-B991-1E9F24B46C36}.Release|Any CPU.Build.0 = Release|Any CPU
		{933C0C74-2E12-31AD-67E2-0326C51EE5C3}.Debug|Any CPU.ActiveCfg = Debug|Any CPU
		{933C0C74-2E12-31AD-67E2-0326C51EE5C3}.Debug|Any CPU.Build.0 = Debug|Any CPU
		{933C0C74-2E12-31AD-67E2-0326C51EE5C3}.Release|Any CPU.ActiveCfg = Release|Any CPU
		{933C0C74-2E12-31AD-67E2-0326C51EE5C3}.Release|Any CPU.Build.0 = Release|Any CPU
		{B2E8C925-121E-97DD-A339-8FEDAB7E659A}.Debug|Any CPU.ActiveCfg = Debug|Any CPU
		{B2E8C925-121E-97DD-A339-8FEDAB7E659A}.Debug|Any CPU.Build.0 = Debug|Any CPU
		{B2E8C925-121E-97DD-A339-8FEDAB7E659A}.Release|Any CPU.ActiveCfg = Release|Any CPU
		{B2E8C925-121E-97DD-A339-8FEDAB7E659A}.Release|Any CPU.Build.0 = Release|Any CPU
		{0AA60F82-A048-D2B2-F083-9A866B929D4E}.Debug|Any CPU.ActiveCfg = Debug|Any CPU
		{0AA60F82-A048-D2B2-F083-9A866B929D4E}.Debug|Any CPU.Build.0 = Debug|Any CPU
		{0AA60F82-A048-D2B2-F083-9A866B929D4E}.Release|Any CPU.ActiveCfg = Release|Any CPU
		{0AA60F82-A048-D2B2-F083-9A866B929D4E}.Release|Any CPU.Build.0 = Release|Any CPU
		{E450A601-9C90-2CBD-5504-2F12072B39FC}.Debug|Any CPU.ActiveCfg = Debug|Any CPU
		{E450A601-9C90-2CBD-5504-2F12072B39FC}.Debug|Any CPU.Build.0 = Debug|Any CPU
		{E450A601-9C90-2CBD-5504-2F12072B39FC}.Release|Any CPU.ActiveCfg = Release|Any CPU
		{E450A601-9C90-2CBD-5504-2F12072B39FC}.Release|Any CPU.Build.0 = Release|Any CPU
		{54C3EC7B-EA36-5280-8FAB-F48A77ACC9E9}.Debug|Any CPU.ActiveCfg = Debug|Any CPU
		{54C3EC7B-EA36-5280-8FAB-F48A77ACC9E9}.Debug|Any CPU.Build.0 = Debug|Any CPU
		{54C3EC7B-EA36-5280-8FAB-F48A77ACC9E9}.Release|Any CPU.ActiveCfg = Release|Any CPU
		{54C3EC7B-EA36-5280-8FAB-F48A77ACC9E9}.Release|Any CPU.Build.0 = Release|Any CPU
		{20ED2237-F1B1-9158-FEA8-F82AE243BCCC}.Debug|Any CPU.ActiveCfg = Debug|Any CPU
		{20ED2237-F1B1-9158-FEA8-F82AE243BCCC}.Debug|Any CPU.Build.0 = Debug|Any CPU
		{20ED2237-F1B1-9158-FEA8-F82AE243BCCC}.Release|Any CPU.ActiveCfg = Release|Any CPU
		{20ED2237-F1B1-9158-FEA8-F82AE243BCCC}.Release|Any CPU.Build.0 = Release|Any CPU
		{438693D4-B9E2-87CA-67DB-FBB9B5726675}.Debug|Any CPU.ActiveCfg = Debug|Any CPU
		{438693D4-B9E2-87CA-67DB-FBB9B5726675}.Debug|Any CPU.Build.0 = Debug|Any CPU
		{438693D4-B9E2-87CA-67DB-FBB9B5726675}.Release|Any CPU.ActiveCfg = Release|Any CPU
		{438693D4-B9E2-87CA-67DB-FBB9B5726675}.Release|Any CPU.Build.0 = Release|Any CPU
		{F0F4739B-6ABB-ACB8-F448-44D9382BE232}.Debug|Any CPU.ActiveCfg = Debug|Any CPU
		{F0F4739B-6ABB-ACB8-F448-44D9382BE232}.Debug|Any CPU.Build.0 = Debug|Any CPU
		{F0F4739B-6ABB-ACB8-F448-44D9382BE232}.Release|Any CPU.ActiveCfg = Release|Any CPU
		{F0F4739B-6ABB-ACB8-F448-44D9382BE232}.Release|Any CPU.Build.0 = Release|Any CPU
		{B43C0003-AE21-C9FA-EC70-1668F34231AA}.Debug|Any CPU.ActiveCfg = Debug|Any CPU
		{B43C0003-AE21-C9FA-EC70-1668F34231AA}.Debug|Any CPU.Build.0 = Debug|Any CPU
		{B43C0003-AE21-C9FA-EC70-1668F34231AA}.Release|Any CPU.ActiveCfg = Release|Any CPU
		{B43C0003-AE21-C9FA-EC70-1668F34231AA}.Release|Any CPU.Build.0 = Release|Any CPU
		{0641AAA8-22CD-099A-3155-D7E089C876D4}.Debug|Any CPU.ActiveCfg = Debug|Any CPU
		{0641AAA8-22CD-099A-3155-D7E089C876D4}.Debug|Any CPU.Build.0 = Debug|Any CPU
		{0641AAA8-22CD-099A-3155-D7E089C876D4}.Release|Any CPU.ActiveCfg = Release|Any CPU
		{0641AAA8-22CD-099A-3155-D7E089C876D4}.Release|Any CPU.Build.0 = Release|Any CPU
		{246193BB-1768-B4BC-DF1D-97A238D12D94}.Debug|Any CPU.ActiveCfg = Debug|Any CPU
		{246193BB-1768-B4BC-DF1D-97A238D12D94}.Debug|Any CPU.Build.0 = Debug|Any CPU
		{246193BB-1768-B4BC-DF1D-97A238D12D94}.Release|Any CPU.ActiveCfg = Release|Any CPU
		{246193BB-1768-B4BC-DF1D-97A238D12D94}.Release|Any CPU.Build.0 = Release|Any CPU
		{10086EBD-3B1D-E5EB-6A94-82160FF7E22A}.Debug|Any CPU.ActiveCfg = Debug|Any CPU
		{10086EBD-3B1D-E5EB-6A94-82160FF7E22A}.Debug|Any CPU.Build.0 = Debug|Any CPU
		{10086EBD-3B1D-E5EB-6A94-82160FF7E22A}.Release|Any CPU.ActiveCfg = Release|Any CPU
		{10086EBD-3B1D-E5EB-6A94-82160FF7E22A}.Release|Any CPU.Build.0 = Release|Any CPU
		{68C0CF28-74B9-FF99-D06F-88272F71FA1E}.Debug|Any CPU.ActiveCfg = Debug|Any CPU
		{68C0CF28-74B9-FF99-D06F-88272F71FA1E}.Debug|Any CPU.Build.0 = Debug|Any CPU
		{68C0CF28-74B9-FF99-D06F-88272F71FA1E}.Release|Any CPU.ActiveCfg = Release|Any CPU
		{68C0CF28-74B9-FF99-D06F-88272F71FA1E}.Release|Any CPU.Build.0 = Release|Any CPU
		{542C237B-645F-E972-1817-AA2F379FBDF4}.Debug|Any CPU.ActiveCfg = Debug|Any CPU
		{542C237B-645F-E972-1817-AA2F379FBDF4}.Debug|Any CPU.Build.0 = Debug|Any CPU
		{542C237B-645F-E972-1817-AA2F379FBDF4}.Release|Any CPU.ActiveCfg = Release|Any CPU
		{542C237B-645F-E972-1817-AA2F379FBDF4}.Release|Any CPU.Build.0 = Release|Any CPU
		{D6F4C31D-A75B-BA84-D369-9DA6AAE9AE63}.Debug|Any CPU.ActiveCfg = Debug|Any CPU
		{D6F4C31D-A75B-BA84-D369-9DA6AAE9AE63}.Debug|Any CPU.Build.0 = Debug|Any CPU
		{D6F4C31D-A75B-BA84-D369-9DA6AAE9AE63}.Release|Any CPU.ActiveCfg = Release|Any CPU
		{D6F4C31D-A75B-BA84-D369-9DA6AAE9AE63}.Release|Any CPU.Build.0 = Release|Any CPU
		{1155C212-B1EE-A16F-D207-D2881EC9D3F2}.Debug|Any CPU.ActiveCfg = Debug|Any CPU
		{1155C212-B1EE-A16F-D207-D2881EC9D3F2}.Debug|Any CPU.Build.0 = Debug|Any CPU
		{1155C212-B1EE-A16F-D207-D2881EC9D3F2}.Release|Any CPU.ActiveCfg = Release|Any CPU
		{1155C212-B1EE-A16F-D207-D2881EC9D3F2}.Release|Any CPU.Build.0 = Release|Any CPU
		{F5016394-C1EB-655F-A58C-94B3A4572E45}.Debug|Any CPU.ActiveCfg = Debug|Any CPU
		{F5016394-C1EB-655F-A58C-94B3A4572E45}.Debug|Any CPU.Build.0 = Debug|Any CPU
		{F5016394-C1EB-655F-A58C-94B3A4572E45}.Release|Any CPU.ActiveCfg = Release|Any CPU
		{F5016394-C1EB-655F-A58C-94B3A4572E45}.Release|Any CPU.Build.0 = Release|Any CPU
		{7B125BA5-BABE-6C87-2401-E58971E4D498}.Debug|Any CPU.ActiveCfg = Debug|Any CPU
		{7B125BA5-BABE-6C87-2401-E58971E4D498}.Debug|Any CPU.Build.0 = Debug|Any CPU
		{7B125BA5-BABE-6C87-2401-E58971E4D498}.Release|Any CPU.ActiveCfg = Release|Any CPU
		{7B125BA5-BABE-6C87-2401-E58971E4D498}.Release|Any CPU.Build.0 = Release|Any CPU
		{2801CD74-BAEA-8861-E21E-80AF1621EF5D}.Debug|Any CPU.ActiveCfg = Debug|Any CPU
		{2801CD74-BAEA-8861-E21E-80AF1621EF5D}.Debug|Any CPU.Build.0 = Debug|Any CPU
		{2801CD74-BAEA-8861-E21E-80AF1621EF5D}.Release|Any CPU.ActiveCfg = Release|Any CPU
		{2801CD74-BAEA-8861-E21E-80AF1621EF5D}.Release|Any CPU.Build.0 = Release|Any CPU
		{2339D513-837E-9B45-40DD-9D320FFB82AB}.Debug|Any CPU.ActiveCfg = Debug|Any CPU
		{2339D513-837E-9B45-40DD-9D320FFB82AB}.Debug|Any CPU.Build.0 = Debug|Any CPU
		{2339D513-837E-9B45-40DD-9D320FFB82AB}.Release|Any CPU.ActiveCfg = Release|Any CPU
		{2339D513-837E-9B45-40DD-9D320FFB82AB}.Release|Any CPU.Build.0 = Release|Any CPU
		{CF1B8298-920F-D4FB-A279-F0EBCF0297FE}.Debug|Any CPU.ActiveCfg = Debug|Any CPU
		{CF1B8298-920F-D4FB-A279-F0EBCF0297FE}.Debug|Any CPU.Build.0 = Debug|Any CPU
		{CF1B8298-920F-D4FB-A279-F0EBCF0297FE}.Release|Any CPU.ActiveCfg = Release|Any CPU
		{CF1B8298-920F-D4FB-A279-F0EBCF0297FE}.Release|Any CPU.Build.0 = Release|Any CPU
		{64BC4242-DC5F-5ED7-0955-697FA774ADB6}.Debug|Any CPU.ActiveCfg = Debug|Any CPU
		{64BC4242-DC5F-5ED7-0955-697FA774ADB6}.Debug|Any CPU.Build.0 = Debug|Any CPU
		{64BC4242-DC5F-5ED7-0955-697FA774ADB6}.Release|Any CPU.ActiveCfg = Release|Any CPU
		{64BC4242-DC5F-5ED7-0955-697FA774ADB6}.Release|Any CPU.Build.0 = Release|Any CPU
	EndGlobalSection
	GlobalSection(SolutionProperties) = preSolution
		HideSolutionNode = FALSE
	EndGlobalSection
EndGlobal
